
Microsoft Visual Studio Solution File, Format Version 12.00
# Visual Studio Version 17
VisualStudioVersion = 17.5.33530.505
MinimumVisualStudioVersion = 10.0.40219.1
Project("{8BC9CEB8-8B4A-11D0-8D11-00A0C91BC942}") = "OpenSiv3D_test", "OpenSiv3D_test\OpenSiv3D_test.vcxproj", "{18B4026E-490E-42FE-9414-6148290342C2}"
EndProject
Global
	GlobalSection(SolutionConfigurationPlatforms) = preSolution
		Debug|x64 = Debug|x64
		Release|x64 = Release|x64
	EndGlobalSection
	GlobalSection(ProjectConfigurationPlatforms) = postSolution
		{18B4026E-490E-42FE-9414-6148290342C2}.Debug|x64.ActiveCfg = Debug|x64
		{18B4026E-490E-42FE-9414-6148290342C2}.Debug|x64.Build.0 = Debug|x64
		{18B4026E-490E-42FE-9414-6148290342C2}.Release|x64.ActiveCfg = Release|x64
		{18B4026E-490E-42FE-9414-6148290342C2}.Release|x64.Build.0 = Release|x64
	EndGlobalSection
	GlobalSection(SolutionProperties) = preSolution
		HideSolutionNode = FALSE
	EndGlobalSection
	GlobalSection(ExtensibilityGlobals) = postSolution
		SolutionGuid = {DB5F40E7-6912-4EA5-A456-05D2FB1C2724}
	EndGlobalSection
EndGlobal
